<?xml version="1.0" encoding="utf-8"?>
<Project ToolsVersion="4.0" xmlns="http://schemas.microsoft.com/developer/msbuild/2003">
  <ItemGroup>
    <ClCompile Include="Source\Log.cpp">
      <Filter>Utils</Filter>
    </ClCompile>
    <ClCompile Include="Source\External\PugiXml\src\pugixml.cpp">
      <Filter>External\PugiXml</Filter>
    </ClCompile>
    <ClCompile Include="Source\DialogManager.cpp">
      <Filter>DialogSystem</Filter>
    </ClCompile>
    <ClCompile Include="Source\Audio.cpp">
      <Filter>ProyectoBase</Filter>
    </ClCompile>
    <ClCompile Include="Source\GuiControlButton.cpp">
      <Filter>ProyectoBase</Filter>
    </ClCompile>
    <ClCompile Include="Source\GuiManager.cpp">
      <Filter>ProyectoBase</Filter>
    </ClCompile>
    <ClCompile Include="Source\Input.cpp">
      <Filter>ProyectoBase</Filter>
    </ClCompile>
    <ClCompile Include="Source\Item.cpp">
      <Filter>ProyectoBase</Filter>
    </ClCompile>
    <ClCompile Include="Source\Main.cpp">
      <Filter>ProyectoBase</Filter>
    </ClCompile>
    <ClCompile Include="Source\Map.cpp">
      <Filter>ProyectoBase</Filter>
    </ClCompile>
    <ClCompile Include="Source\Pathfinding.cpp">
      <Filter>ProyectoBase</Filter>
    </ClCompile>
    <ClCompile Include="Source\PerfTimer.cpp">
      <Filter>ProyectoBase</Filter>
    </ClCompile>
    <ClCompile Include="Source\Physics.cpp">
      <Filter>ProyectoBase</Filter>
    </ClCompile>
    <ClCompile Include="Source\Player.cpp">
      <Filter>ProyectoBase</Filter>
    </ClCompile>
    <ClCompile Include="Source\Render.cpp">
      <Filter>ProyectoBase</Filter>
    </ClCompile>
    <ClCompile Include="Source\Textures.cpp">
      <Filter>ProyectoBase</Filter>
    </ClCompile>
    <ClCompile Include="Source\Timer.cpp">
      <Filter>ProyectoBase</Filter>
    </ClCompile>
    <ClCompile Include="Source\Window.cpp">
      <Filter>ProyectoBase</Filter>
    </ClCompile>
    <ClCompile Include="Source\App.cpp">
      <Filter>ArchivosModificados</Filter>
    </ClCompile>
    <ClCompile Include="Source\DialogTriggerEntity.cpp">
      <Filter>DialogSystem</Filter>
    </ClCompile>
    <ClCompile Include="Source\EntityManager.cpp">
      <Filter>ArchivosModificados</Filter>
    </ClCompile>
    <ClCompile Include="Source\Scene.cpp">
      <Filter>ArchivosModificados</Filter>
    </ClCompile>
  </ItemGroup>
  <ItemGroup>
    <ClInclude Include="Source\Defs.h">
      <Filter>Utils</Filter>
    </ClInclude>
    <ClInclude Include="Source\DynArray.h">
      <Filter>Utils</Filter>
    </ClInclude>
    <ClInclude Include="Source\List.h">
      <Filter>Utils</Filter>
    </ClInclude>
    <ClInclude Include="Source\Log.h">
      <Filter>Utils</Filter>
    </ClInclude>
    <ClInclude Include="Source\Point.h">
      <Filter>Utils</Filter>
    </ClInclude>
    <ClInclude Include="Source\SString.h">
      <Filter>Utils</Filter>
    </ClInclude>
    <ClInclude Include="Source\External\PugiXml\src\pugiconfig.hpp">
      <Filter>External\PugiXml</Filter>
    </ClInclude>
    <ClInclude Include="Source\External\PugiXml\src\pugixml.hpp">
      <Filter>External\PugiXml</Filter>
    </ClInclude>
    <ClInclude Include="Source\Queue.h">
      <Filter>Utils</Filter>
    </ClInclude>
    <ClInclude Include="Source\PQueue.h">
      <Filter>Utils</Filter>
    </ClInclude>
    <ClInclude Include="Source\Dialog.h">
      <Filter>DialogSystem</Filter>
    </ClInclude>
    <ClInclude Include="Source\DialogManager.h">
      <Filter>DialogSystem</Filter>
    </ClInclude>
    <ClInclude Include="Source\Audio.h">
      <Filter>ProyectoBase</Filter>
    </ClInclude>
    <ClInclude Include="Source\EntityManager.h">
      <Filter>ProyectoBase</Filter>
    </ClInclude>
    <ClInclude Include="Source\GuiControl.h">
      <Filter>ProyectoBase</Filter>
    </ClInclude>
    <ClInclude Include="Source\GuiControlButton.h">
      <Filter>ProyectoBase</Filter>
    </ClInclude>
    <ClInclude Include="Source\GuiManager.h">
      <Filter>ProyectoBase</Filter>
    </ClInclude>
    <ClInclude Include="Source\Input.h">
      <Filter>ProyectoBase</Filter>
    </ClInclude>
    <ClInclude Include="Source\Item.h">
      <Filter>ProyectoBase</Filter>
    </ClInclude>
    <ClInclude Include="Source\Map.h">
      <Filter>ProyectoBase</Filter>
    </ClInclude>
    <ClInclude Include="Source\Module.h">
      <Filter>ProyectoBase</Filter>
    </ClInclude>
    <ClInclude Include="Source\Pathfinding.h">
      <Filter>ProyectoBase</Filter>
    </ClInclude>
    <ClInclude Include="Source\PerfTimer.h">
      <Filter>ProyectoBase</Filter>
    </ClInclude>
    <ClInclude Include="Source\Physics.h">
      <Filter>ProyectoBase</Filter>
    </ClInclude>
    <ClInclude Include="Source\Player.h">
      <Filter>ProyectoBase</Filter>
    </ClInclude>
    <ClInclude Include="Source\Render.h">
      <Filter>ProyectoBase</Filter>
    </ClInclude>
    <ClInclude Include="Source\Scene.h">
      <Filter>ProyectoBase</Filter>
    </ClInclude>
    <ClInclude Include="Source\Textures.h">
      <Filter>ProyectoBase</Filter>
    </ClInclude>
    <ClInclude Include="Source\Timer.h">
      <Filter>ProyectoBase</Filter>
    </ClInclude>
    <ClInclude Include="Source\Window.h">
      <Filter>ProyectoBase</Filter>
    </ClInclude>
    <ClInclude Include="Source\App.h">
      <Filter>ArchivosModificados</Filter>
    </ClInclude>
    <ClInclude Include="Source\DialogTriggerEntity.h">
      <Filter>DialogSystem</Filter>
    </ClInclude>
    <ClInclude Include="Source\Entity.h">
      <Filter>ArchivosModificados</Filter>
    </ClInclude>
  </ItemGroup>
  <ItemGroup>
    <Filter Include="External">
      <UniqueIdentifier>{83a966c7-b4bb-4eff-9c2c-3ff3c7b55a60}</UniqueIdentifier>
    </Filter>
    <Filter Include="Utils">
      <UniqueIdentifier>{2cad778a-d356-48b0-9fee-587f1bbb187e}</UniqueIdentifier>
    </Filter>
    <Filter Include="External\PugiXml">
      <UniqueIdentifier>{2855ff7f-53a1-413d-a75b-18b4ade921dd}</UniqueIdentifier>
    </Filter>
    <Filter Include="DialogSystem">
      <UniqueIdentifier>{4bb480bd-6f9f-4365-9c96-7facb988d31b}</UniqueIdentifier>
    </Filter>
    <Filter Include="ProyectoBase">
      <UniqueIdentifier>{45e33320-6e3a-4b29-9464-51f6b0628ef4}</UniqueIdentifier>
    </Filter>
    <Filter Include="ArchivosModificados">
      <UniqueIdentifier>{3558526c-89ca-4867-9d4e-5ffe9f23c951}</UniqueIdentifier>
    </Filter>
  </ItemGroup>
</Project>